
Microsoft Visual Studio Solution File, Format Version 12.00
# Visual Studio 15
VisualStudioVersion = 15.0.28307.902
MinimumVisualStudioVersion = 10.0.40219.1
Project("{9A19103F-16F7-4668-BE54-9A1E7A4F7556}") = "DeferredExecution", "DeferredExecution\DeferredExecution.csproj", "{E51EA232-2994-4F54-BED1-1218D99B6F47}"
EndProject
Project("{9A19103F-16F7-4668-BE54-9A1E7A4F7556}") = "Yield", "Yield\Yield.csproj", "{F3C65E09-AA66-4E4F-8836-437FFF3423E2}"
EndProject
Project("{FAE04EC0-301F-11D3-BF4B-00C04F79EFBC}") = "XmlSerializerPerformance", "XmlSerializerPerformance\XmlSerializerPerformance.csproj", "{E0BC71D2-03B0-4320-AEE1-8B8F86B916DD}"
EndProject
Global
	GlobalSection(SolutionConfigurationPlatforms) = preSolution
		Debug|Any CPU = Debug|Any CPU
		Release|Any CPU = Release|Any CPU
	EndGlobalSection
	GlobalSection(ProjectConfigurationPlatforms) = postSolution
		{E51EA232-2994-4F54-BED1-1218D99B6F47}.Debug|Any CPU.ActiveCfg = Debug|Any CPU
		{E51EA232-2994-4F54-BED1-1218D99B6F47}.Debug|Any CPU.Build.0 = Debug|Any CPU
		{E51EA232-2994-4F54-BED1-1218D99B6F47}.Release|Any CPU.ActiveCfg = Release|Any CPU
		{E51EA232-2994-4F54-BED1-1218D99B6F47}.Release|Any CPU.Build.0 = Release|Any CPU
		{F3C65E09-AA66-4E4F-8836-437FFF3423E2}.Debug|Any CPU.ActiveCfg = Debug|Any CPU
		{F3C65E09-AA66-4E4F-8836-437FFF3423E2}.Debug|Any CPU.Build.0 = Debug|Any CPU
		{F3C65E09-AA66-4E4F-8836-437FFF3423E2}.Release|Any CPU.ActiveCfg = Release|Any CPU
		{F3C65E09-AA66-4E4F-8836-437FFF3423E2}.Release|Any CPU.Build.0 = Release|Any CPU
		{E0BC71D2-03B0-4320-AEE1-8B8F86B916DD}.Debug|Any CPU.ActiveCfg = Debug|Any CPU
		{E0BC71D2-03B0-4320-AEE1-8B8F86B916DD}.Debug|Any CPU.Build.0 = Debug|Any CPU
		{E0BC71D2-03B0-4320-AEE1-8B8F86B916DD}.Release|Any CPU.ActiveCfg = Release|Any CPU
		{E0BC71D2-03B0-4320-AEE1-8B8F86B916DD}.Release|Any CPU.Build.0 = Release|Any CPU
	EndGlobalSection
	GlobalSection(SolutionProperties) = preSolution
		HideSolutionNode = FALSE
	EndGlobalSection
	GlobalSection(ExtensibilityGlobals) = postSolution
		SolutionGuid = {CBEAF321-12AE-4CD9-9E44-93EF19848C70}
	EndGlobalSection
EndGlobal
